
Microsoft Visual Studio Solution File, Format Version 12.00
# Visual Studio Version 16
VisualStudioVersion = 16.0.31605.320
MinimumVisualStudioVersion = 10.0.40219.1
Project("{FAE04EC0-301F-11D3-BF4B-00C04F79EFBC}") = "StudentSystem", "StudentSystem.csproj", "{698CB4FE-7B3E-4E38-9F5F-C1F3F023C39F}"
EndProject
Project("{FAE04EC0-301F-11D3-BF4B-00C04F79EFBC}") = "StudentSystemData", "..\StudentSystemData\StudentSystemData.csproj", "{7FEE7FB0-1A0D-497E-8D1C-08055281D4CE}"
EndProject
Global
	GlobalSection(SolutionConfigurationPlatforms) = preSolution
		Debug|Any CPU = Debug|Any CPU
		Release|Any CPU = Release|Any CPU
	EndGlobalSection
	GlobalSection(ProjectConfigurationPlatforms) = postSolution
		{698CB4FE-7B3E-4E38-9F5F-C1F3F023C39F}.Debug|Any CPU.ActiveCfg = Debug|Any CPU
		{698CB4FE-7B3E-4E38-9F5F-C1F3F023C39F}.Debug|Any CPU.Build.0 = Debug|Any CPU
		{698CB4FE-7B3E-4E38-9F5F-C1F3F023C39F}.Release|Any CPU.ActiveCfg = Release|Any CPU
		{698CB4FE-7B3E-4E38-9F5F-C1F3F023C39F}.Release|Any CPU.Build.0 = Release|Any CPU
		{7FEE7FB0-1A0D-497E-8D1C-08055281D4CE}.Debug|Any CPU.ActiveCfg = Debug|Any CPU
		{7FEE7FB0-1A0D-497E-8D1C-08055281D4CE}.Debug|Any CPU.Build.0 = Debug|Any CPU
		{7FEE7FB0-1A0D-497E-8D1C-08055281D4CE}.Release|Any CPU.ActiveCfg = Release|Any CPU
		{7FEE7FB0-1A0D-497E-8D1C-08055281D4CE}.Release|Any CPU.Build.0 = Release|Any CPU
	EndGlobalSection
	GlobalSection(SolutionProperties) = preSolution
		HideSolutionNode = FALSE
	EndGlobalSection
	GlobalSection(ExtensibilityGlobals) = postSolution
		SolutionGuid = {201B5EC6-70B5-415A-9D9D-83C6DE38F264}
	EndGlobalSection
EndGlobal
